// !$*UTF8*$!
{
	archiveVersion = 1;
	classes = {
	};
	objectVersion = 56;
	objects = {

/* Begin PBXBuildFile section */
		656E513128E028B400659981 /* AppDelegate.swift in Sources */ = {isa = PBXBuildFile; fileRef = 656E513028E028B400659981 /* AppDelegate.swift */; };
		656E513328E028B400659981 /* SceneDelegate.swift in Sources */ = {isa = PBXBuildFile; fileRef = 656E513228E028B400659981 /* SceneDelegate.swift */; };
		656E513528E028B400659981 /* ViewController.swift in Sources */ = {isa = PBXBuildFile; fileRef = 656E513428E028B400659981 /* ViewController.swift */; };
		656E513828E028B400659981 /* Main.storyboard in Resources */ = {isa = PBXBuildFile; fileRef = 656E513628E028B400659981 /* Main.storyboard */; };
		656E513A28E028B700659981 /* Assets.xcassets in Resources */ = {isa = PBXBuildFile; fileRef = 656E513928E028B700659981 /* Assets.xcassets */; };
		656E513D28E028B700659981 /* LaunchScreen.storyboard in Resources */ = {isa = PBXBuildFile; fileRef = 656E513B28E028B700659981 /* LaunchScreen.storyboard */; };
		656E514828E028B700659981 /* TransferenciasTests.swift in Sources */ = {isa = PBXBuildFile; fileRef = 656E514728E028B700659981 /* TransferenciasTests.swift */; };
		656E515228E028B800659981 /* TransferenciasUITests.swift in Sources */ = {isa = PBXBuildFile; fileRef = 656E515128E028B800659981 /* TransferenciasUITests.swift */; };
		656E515428E028B800659981 /* TransferenciasUITestsLaunchTests.swift in Sources */ = {isa = PBXBuildFile; fileRef = 656E515328E028B800659981 /* TransferenciasUITestsLaunchTests.swift */; };
/* End PBXBuildFile section */

/* Begin PBXContainerItemProxy section */
		656E514428E028B700659981 /* PBXContainerItemProxy */ = {
			isa = PBXContainerItemProxy;
			containerPortal = 656E512528E028B400659981 /* Project object */;
			proxyType = 1;
			remoteGlobalIDString = 656E512C28E028B400659981;
			remoteInfo = Transferencias;
		};
		656E514E28E028B800659981 /* PBXContainerItemProxy */ = {
			isa = PBXContainerItemProxy;
			containerPortal = 656E512528E028B400659981 /* Project object */;
			proxyType = 1;
			remoteGlobalIDString = 656E512C28E028B400659981;
			remoteInfo = Transferencias;
		};
/* End PBXContainerItemProxy section */

/* Begin PBXFileReference section */
		656E512D28E028B400659981 /* Transferencias.app */ = {isa = PBXFileReference; explicitFileType = wrapper.application; includeInIndex = 0; path = Transferencias.app; sourceTree = BUILT_PRODUCTS_DIR; };
		656E513028E028B400659981 /* AppDelegate.swift */ = {isa = PBXFileReference; lastKnownFileType = sourcecode.swift; path = AppDelegate.swift; sourceTree = "<group>"; };
		656E513228E028B400659981 /* SceneDelegate.swift */ = {isa = PBXFileReference; lastKnownFileType = sourcecode.swift; path = SceneDelegate.swift; sourceTree = "<group>"; };
		656E513428E028B400659981 /* ViewController.swift */ = {isa = PBXFileReference; lastKnownFileType = sourcecode.swift; path = ViewController.swift; sourceTree = "<group>"; };
		656E513728E028B400659981 /* Base */ = {isa = PBXFileReference; lastKnownFileType = file.storyboard; name = Base; path = Base.lproj/Main.storyboard; sourceTree = "<group>"; };
		656E513928E028B700659981 /* Assets.xcassets */ = {isa = PBXFileReference; lastKnownFileType = folder.assetcatalog; path = Assets.xcassets; sourceTree = "<group>"; };
		656E513C28E028B700659981 /* Base */ = {isa = PBXFileReference; lastKnownFileType = file.storyboard; name = Base; path = Base.lproj/LaunchScreen.storyboard; sourceTree = "<group>"; };
		656E513E28E028B700659981 /* Info.plist */ = {isa = PBXFileReference; lastKnownFileType = text.plist.xml; path = Info.plist; sourceTree = "<group>"; };
		656E514328E028B700659981 /* TransferenciasTests.xctest */ = {isa = PBXFileReference; explicitFileType = wrapper.cfbundle; includeInIndex = 0; path = TransferenciasTests.xctest; sourceTree = BUILT_PRODUCTS_DIR; };
		656E514728E028B700659981 /* TransferenciasTests.swift */ = {isa = PBXFileReference; lastKnownFileType = sourcecode.swift; path = TransferenciasTests.swift; sourceTree = "<group>"; };
		656E514D28E028B800659981 /* TransferenciasUITests.xctest */ = {isa = PBXFileReference; explicitFileType = wrapper.cfbundle; includeInIndex = 0; path = TransferenciasUITests.xctest; sourceTree = BUILT_PRODUCTS_DIR; };
		656E515128E028B800659981 /* TransferenciasUITests.swift */ = {isa = PBXFileReference; lastKnownFileType = sourcecode.swift; path = TransferenciasUITests.swift; sourceTree = "<group>"; };
		656E515328E028B800659981 /* TransferenciasUITestsLaunchTests.swift */ = {isa = PBXFileReference; lastKnownFileType = sourcecode.swift; path = TransferenciasUITestsLaunchTests.swift; sourceTree = "<group>"; };
/* End PBXFileReference section */

/* Begin PBXFrameworksBuildPhase section */
		656E512A28E028B400659981 /* Frameworks */ = {
			isa = PBXFrameworksBuildPhase;
			buildActionMask = 2147483647;
			files = (
			);
			runOnlyForDeploymentPostprocessing = 0;
		};
		656E514028E028B700659981 /* Frameworks */ = {
			isa = PBXFrameworksBuildPhase;
			buildActionMask = 2147483647;
			files = (
			);
			runOnlyForDeploymentPostprocessing = 0;
		};
		656E514A28E028B800659981 /* Frameworks */ = {
			isa = PBXFrameworksBuildPhase;
			buildActionMask = 2147483647;
			files = (
			);
			runOnlyForDeploymentPostprocessing = 0;
		};
/* End PBXFrameworksBuildPhase section */

/* Begin PBXGroup section */
		656E512428E028B400659981 = {
			isa = PBXGroup;
			children = (
				656E512F28E028B400659981 /* Transferencias */,
				656E514628E028B700659981 /* TransferenciasTests */,
				656E515028E028B800659981 /* TransferenciasUITests */,
				656E512E28E028B400659981 /* Products */,
			);
			sourceTree = "<group>";
		};
		656E512E28E028B400659981 /* Products */ = {
			isa = PBXGroup;
			children = (
				656E512D28E028B400659981 /* Transferencias.app */,
				656E514328E028B700659981 /* TransferenciasTests.xctest */,
				656E514D28E028B800659981 /* TransferenciasUITests.xctest */,
			);
			name = Products;
			sourceTree = "<group>";
		};
		656E512F28E028B400659981 /* Transferencias */ = {
			isa = PBXGroup;
			children = (
				656E513028E028B400659981 /* AppDelegate.swift */,
				656E513228E028B400659981 /* SceneDelegate.swift */,
				656E513428E028B400659981 /* ViewController.swift */,
				656E513628E028B400659981 /* Main.storyboard */,
				656E513928E028B700659981 /* Assets.xcassets */,
				656E513B28E028B700659981 /* LaunchScreen.storyboard */,
				656E513E28E028B700659981 /* Info.plist */,
			);
			path = Transferencias;
			sourceTree = "<group>";
		};
		656E514628E028B700659981 /* TransferenciasTests */ = {
			isa = PBXGroup;
			children = (
				656E514728E028B700659981 /* TransferenciasTests.swift */,
			);
			path = TransferenciasTests;
			sourceTree = "<group>";
		};
		656E515028E028B800659981 /* TransferenciasUITests */ = {
			isa = PBXGroup;
			children = (
				656E515128E028B800659981 /* TransferenciasUITests.swift */,
				656E515328E028B800659981 /* TransferenciasUITestsLaunchTests.swift */,
			);
			path = TransferenciasUITests;
			sourceTree = "<group>";
		};
/* End PBXGroup section */

/* Begin PBXNativeTarget section */
		656E512C28E028B400659981 /* Transferencias */ = {
			isa = PBXNativeTarget;
			buildConfigurationList = 656E515728E028B800659981 /* Build configuration list for PBXNativeTarget "Transferencias" */;
			buildPhases = (
				656E512928E028B400659981 /* Sources */,
				656E512A28E028B400659981 /* Frameworks */,
				656E512B28E028B400659981 /* Resources */,
			);
			buildRules = (
			);
			dependencies = (
			);
			name = Transferencias;
			productName = Transferencias;
			productReference = 656E512D28E028B400659981 /* Transferencias.app */;
			productType = "com.apple.product-type.application";
		};
		656E514228E028B700659981 /* TransferenciasTests */ = {
			isa = PBXNativeTarget;
			buildConfigurationList = 656E515A28E028B800659981 /* Build configuration list for PBXNativeTarget "TransferenciasTests" */;
			buildPhases = (
				656E513F28E028B700659981 /* Sources */,
				656E514028E028B700659981 /* Frameworks */,
				656E514128E028B700659981 /* Resources */,
			);
			buildRules = (
			);
			dependencies = (
				656E514528E028B700659981 /* PBXTargetDependency */,
			);
			name = TransferenciasTests;
			productName = TransferenciasTests;
			productReference = 656E514328E028B700659981 /* TransferenciasTests.xctest */;
			productType = "com.apple.product-type.bundle.unit-test";
		};
		656E514C28E028B800659981 /* TransferenciasUITests */ = {
			isa = PBXNativeTarget;
			buildConfigurationList = 656E515D28E028B800659981 /* Build configuration list for PBXNativeTarget "TransferenciasUITests" */;
			buildPhases = (
				656E514928E028B800659981 /* Sources */,
				656E514A28E028B800659981 /* Frameworks */,
				656E514B28E028B800659981 /* Resources */,
			);
			buildRules = (
			);
			dependencies = (
				656E514F28E028B800659981 /* PBXTargetDependency */,
			);
			name = TransferenciasUITests;
			productName = TransferenciasUITests;
			productReference = 656E514D28E028B800659981 /* TransferenciasUITests.xctest */;
			productType = "com.apple.product-type.bundle.ui-testing";
		};
/* End PBXNativeTarget section */

/* Begin PBXProject section */
		656E512528E028B400659981 /* Project object */ = {
			isa = PBXProject;
			attributes = {
				BuildIndependentTargetsInParallel = 1;
				LastSwiftUpdateCheck = 1400;
				LastUpgradeCheck = 1400;
				TargetAttributes = {
					656E512C28E028B400659981 = {
						CreatedOnToolsVersion = 14.0;
					};
					656E514228E028B700659981 = {
						CreatedOnToolsVersion = 14.0;
						TestTargetID = 656E512C28E028B400659981;
					};
					656E514C28E028B800659981 = {
						CreatedOnToolsVersion = 14.0;
						TestTargetID = 656E512C28E028B400659981;
					};
				};
			};
			buildConfigurationList = 656E512828E028B400659981 /* Build configuration list for PBXProject "Transferencias" */;
			compatibilityVersion = "Xcode 14.0";
			developmentRegion = en;
			hasScannedForEncodings = 0;
			knownRegions = (
				en,
				Base,
			);
			mainGroup = 656E512428E028B400659981;
			productRefGroup = 656E512E28E028B400659981 /* Products */;
			projectDirPath = "";
			projectRoot = "";
			targets = (
				656E512C28E028B400659981 /* Transferencias */,
				656E514228E028B700659981 /* TransferenciasTests */,
				656E514C28E028B800659981 /* TransferenciasUITests */,
			);
		};
/* End PBXProject section */

/* Begin PBXResourcesBuildPhase section */
		656E512B28E028B400659981 /* Resources */ = {
			isa = PBXResourcesBuildPhase;
			buildActionMask = 2147483647;
			files = (
				656E513D28E028B700659981 /* LaunchScreen.storyboard in Resources */,
				656E513A28E028B700659981 /* Assets.xcassets in Resources */,
				656E513828E028B400659981 /* Main.storyboard in Resources */,
			);
			runOnlyForDeploymentPostprocessing = 0;
		};
		656E514128E028B700659981 /* Resources */ = {
			isa = PBXResourcesBuildPhase;
			buildActionMask = 2147483647;
			files = (
			);
			runOnlyForDeploymentPostprocessing = 0;
		};
		656E514B28E028B800659981 /* Resources */ = {
			isa = PBXResourcesBuildPhase;
			buildActionMask = 2147483647;
			files = (
			);
			runOnlyForDeploymentPostprocessing = 0;
		};
/* End PBXResourcesBuildPhase section */

/* Begin PBXSourcesBuildPhase section */
		656E512928E028B400659981 /* Sources */ = {
			isa = PBXSourcesBuildPhase;
			buildActionMask = 2147483647;
			files = (
				656E513528E028B400659981 /* ViewController.swift in Sources */,
				656E513128E028B400659981 /* AppDelegate.swift in Sources */,
				656E513328E028B400659981 /* SceneDelegate.swift in Sources */,
			);
			runOnlyForDeploymentPostprocessing = 0;
		};
		656E513F28E028B700659981 /* Sources */ = {
			isa = PBXSourcesBuildPhase;
			buildActionMask = 2147483647;
			files = (
				656E514828E028B700659981 /* TransferenciasTests.swift in Sources */,
			);
			runOnlyForDeploymentPostprocessing = 0;
		};
		656E514928E028B800659981 /* Sources */ = {
			isa = PBXSourcesBuildPhase;
			buildActionMask = 2147483647;
			files = (
				656E515428E028B800659981 /* TransferenciasUITestsLaunchTests.swift in Sources */,
				656E515228E028B800659981 /* TransferenciasUITests.swift in Sources */,
			);
			runOnlyForDeploymentPostprocessing = 0;
		};
/* End PBXSourcesBuildPhase section */

/* Begin PBXTargetDependency section */
		656E514528E028B700659981 /* PBXTargetDependency */ = {
			isa = PBXTargetDependency;
			target = 656E512C28E028B400659981 /* Transferencias */;
			targetProxy = 656E514428E028B700659981 /* PBXContainerItemProxy */;
		};
		656E514F28E028B800659981 /* PBXTargetDependency */ = {
			isa = PBXTargetDependency;
			target = 656E512C28E028B400659981 /* Transferencias */;
			targetProxy = 656E514E28E028B800659981 /* PBXContainerItemProxy */;
		};
/* End PBXTargetDependency section */

/* Begin PBXVariantGroup section */
		656E513628E028B400659981 /* Main.storyboard */ = {
			isa = PBXVariantGroup;
			children = (
				656E513728E028B400659981 /* Base */,
			);
			name = Main.storyboard;
			sourceTree = "<group>";
		};
		656E513B28E028B700659981 /* LaunchScreen.storyboard */ = {
			isa = PBXVariantGroup;
			children = (
				656E513C28E028B700659981 /* Base */,
			);
			name = LaunchScreen.storyboard;
			sourceTree = "<group>";
		};
/* End PBXVariantGroup section */

/* Begin XCBuildConfiguration section */
		656E515528E028B800659981 /* Debug */ = {
			isa = XCBuildConfiguration;
			buildSettings = {
				ALWAYS_SEARCH_USER_PATHS = NO;
				CLANG_ANALYZER_NONNULL = YES;
				CLANG_ANALYZER_NUMBER_OBJECT_CONVERSION = YES_AGGRESSIVE;
				CLANG_CXX_LANGUAGE_STANDARD = "gnu++20";
				CLANG_ENABLE_MODULES = YES;
				CLANG_ENABLE_OBJC_ARC = YES;
				CLANG_ENABLE_OBJC_WEAK = YES;
				CLANG_WARN_BLOCK_CAPTURE_AUTORELEASING = YES;
				CLANG_WARN_BOOL_CONVERSION = YES;
				CLANG_WARN_COMMA = YES;
				CLANG_WARN_CONSTANT_CONVERSION = YES;
				CLANG_WARN_DEPRECATED_OBJC_IMPLEMENTATIONS = YES;
				CLANG_WARN_DIRECT_OBJC_ISA_USAGE = YES_ERROR;
				CLANG_WARN_DOCUMENTATION_COMMENTS = YES;
				CLANG_WARN_EMPTY_BODY = YES;
				CLANG_WARN_ENUM_CONVERSION = YES;
				CLANG_WARN_INFINITE_RECURSION = YES;
				CLANG_WARN_INT_CONVERSION = YES;
				CLANG_WARN_NON_LITERAL_NULL_CONVERSION = YES;
				CLANG_WARN_OBJC_IMPLICIT_RETAIN_SELF = YES;
				CLANG_WARN_OBJC_LITERAL_CONVERSION = YES;
				CLANG_WARN_OBJC_ROOT_CLASS = YES_ERROR;
				CLANG_WARN_QUOTED_INCLUDE_IN_FRAMEWORK_HEADER = YES;
				CLANG_WARN_RANGE_LOOP_ANALYSIS = YES;
				CLANG_WARN_STRICT_PROTOTYPES = YES;
				CLANG_WARN_SUSPICIOUS_MOVE = YES;
				CLANG_WARN_UNGUARDED_AVAILABILITY = YES_AGGRESSIVE;
				CLANG_WARN_UNREACHABLE_CODE = YES;
				CLANG_WARN__DUPLICATE_METHOD_MATCH = YES;
				COPY_PHASE_STRIP = NO;
				DEBUG_INFORMATION_FORMAT = dwarf;
				ENABLE_STRICT_OBJC_MSGSEND = YES;
				ENABLE_TESTABILITY = YES;
				GCC_C_LANGUAGE_STANDARD = gnu11;
				GCC_DYNAMIC_NO_PIC = NO;
				GCC_NO_COMMON_BLOCKS = YES;
				GCC_OPTIMIZATION_LEVEL = 0;
				GCC_PREPROCESSOR_DEFINITIONS = (
					"DEBUG=1",
					"$(inherited)",
				);
				GCC_WARN_64_TO_32_BIT_CONVERSION = YES;
				GCC_WARN_ABOUT_RETURN_TYPE = YES_ERROR;
				GCC_WARN_UNDECLARED_SELECTOR = YES;
				GCC_WARN_UNINITIALIZED_AUTOS = YES_AGGRESSIVE;
				GCC_WARN_UNUSED_FUNCTION = YES;
				GCC_WARN_UNUSED_VARIABLE = YES;
				IPHONEOS_DEPLOYMENT_TARGET = 16.0;
				MTL_ENABLE_DEBUG_INFO = INCLUDE_SOURCE;
				MTL_FAST_MATH = YES;
				ONLY_ACTIVE_ARCH = YES;
				SDKROOT = iphoneos;
				SWIFT_ACTIVE_COMPILATION_CONDITIONS = DEBUG;
				SWIFT_OPTIMIZATION_LEVEL = "-Onone";
			};
			name = Debug;
		};
		656E515628E028B800659981 /* Release */ = {
			isa = XCBuildConfiguration;
			buildSettings = {
				ALWAYS_SEARCH_USER_PATHS = NO;
				CLANG_ANALYZER_NONNULL = YES;
				CLANG_ANALYZER_NUMBER_OBJECT_CONVERSION = YES_AGGRESSIVE;
				CLANG_CXX_LANGUAGE_STANDARD = "gnu++20";
				CLANG_ENABLE_MODULES = YES;
				CLANG_ENABLE_OBJC_ARC = YES;
				CLANG_ENABLE_OBJC_WEAK = YES;
				CLANG_WARN_BLOCK_CAPTURE_AUTORELEASING = YES;
				CLANG_WARN_BOOL_CONVERSION = YES;
				CLANG_WARN_COMMA = YES;
				CLANG_WARN_CONSTANT_CONVERSION = YES;
				CLANG_WARN_DEPRECATED_OBJC_IMPLEMENTATIONS = YES;
				CLANG_WARN_DIRECT_OBJC_ISA_USAGE = YES_ERROR;
				CLANG_WARN_DOCUMENTATION_COMMENTS = YES;
				CLANG_WARN_EMPTY_BODY = YES;
				CLANG_WARN_ENUM_CONVERSION = YES;
				CLANG_WARN_INFINITE_RECURSION = YES;
				CLANG_WARN_INT_CONVERSION = YES;
				CLANG_WARN_NON_LITERAL_NULL_CONVERSION = YES;
				CLANG_WARN_OBJC_IMPLICIT_RETAIN_SELF = YES;
				CLANG_WARN_OBJC_LITERAL_CONVERSION = YES;
				CLANG_WARN_OBJC_ROOT_CLASS = YES_ERROR;
				CLANG_WARN_QUOTED_INCLUDE_IN_FRAMEWORK_HEADER = YES;
				CLANG_WARN_RANGE_LOOP_ANALYSIS = YES;
				CLANG_WARN_STRICT_PROTOTYPES = YES;
				CLANG_WARN_SUSPICIOUS_MOVE = YES;
				CLANG_WARN_UNGUARDED_AVAILABILITY = YES_AGGRESSIVE;
				CLANG_WARN_UNREACHABLE_CODE = YES;
				CLANG_WARN__DUPLICATE_METHOD_MATCH = YES;
				COPY_PHASE_STRIP = NO;
				DEBUG_INFORMATION_FORMAT = "dwarf-with-dsym";
				ENABLE_NS_ASSERTIONS = NO;
				ENABLE_STRICT_OBJC_MSGSEND = YES;
				GCC_C_LANGUAGE_STANDARD = gnu11;
				GCC_NO_COMMON_BLOCKS = YES;
				GCC_WARN_64_TO_32_BIT_CONVERSION = YES;
				GCC_WARN_ABOUT_RETURN_TYPE = YES_ERROR;
				GCC_WARN_UNDECLARED_SELECTOR = YES;
				GCC_WARN_UNINITIALIZED_AUTOS = YES_AGGRESSIVE;
				GCC_WARN_UNUSED_FUNCTION = YES;
				GCC_WARN_UNUSED_VARIABLE = YES;
				IPHONEOS_DEPLOYMENT_TARGET = 16.0;
				MTL_ENABLE_DEBUG_INFO = NO;
				MTL_FAST_MATH = YES;
				SDKROOT = iphoneos;
				SWIFT_COMPILATION_MODE = wholemodule;
				SWIFT_OPTIMIZATION_LEVEL = "-O";
				VALIDATE_PRODUCT = YES;
			};
			name = Release;
		};
		656E515828E028B800659981 /* Debug */ = {
			isa = XCBuildConfiguration;
			buildSettings = {
				ASSETCATALOG_COMPILER_APPICON_NAME = AppIcon;
				ASSETCATALOG_COMPILER_GLOBAL_ACCENT_COLOR_NAME = AccentColor;
				CODE_SIGN_STYLE = Automatic;
				CURRENT_PROJECT_VERSION = 1;
				GENERATE_INFOPLIST_FILE = YES;
				INFOPLIST_FILE = Transferencias/Info.plist;
				INFOPLIST_KEY_UIApplicationSupportsIndirectInputEvents = YES;
				INFOPLIST_KEY_UILaunchStoryboardName = LaunchScreen;
				INFOPLIST_KEY_UIMainStoryboardFile = Main;
				INFOPLIST_KEY_UISupportedInterfaceOrientations_iPad = "UIInterfaceOrientationPortrait UIInterfaceOrientationPortraitUpsideDown UIInterfaceOrientationLandscapeLeft UIInterfaceOrientationLandscapeRight";
				INFOPLIST_KEY_UISupportedInterfaceOrientations_iPhone = "UIInterfaceOrientationPortrait UIInterfaceOrientationLandscapeLeft UIInterfaceOrientationLandscapeRight";
				LD_RUNPATH_SEARCH_PATHS = (
					"$(inherited)",
					"@executable_path/Frameworks",
				);
				MARKETING_VERSION = 1.0;
				PRODUCT_BUNDLE_IDENTIFIER = com.andreanunez.Transferencias;
				PRODUCT_NAME = "$(TARGET_NAME)";
				SWIFT_EMIT_LOC_STRINGS = YES;
				SWIFT_VERSION = 5.0;
				TARGETED_DEVICE_FAMILY = "1,2";
			};
			name = Debug;
		};
		656E515928E028B800659981 /* Release */ = {
			isa = XCBuildConfiguration;
			buildSettings = {
				ASSETCATALOG_COMPILER_APPICON_NAME = AppIcon;
				ASSETCATALOG_COMPILER_GLOBAL_ACCENT_COLOR_NAME = AccentColor;
				CODE_SIGN_STYLE = Automatic;
				CURRENT_PROJECT_VERSION = 1;
				GENERATE_INFOPLIST_FILE = YES;
				INFOPLIST_FILE = Transferencias/Info.plist;
				INFOPLIST_KEY_UIApplicationSupportsIndirectInputEvents = YES;
				INFOPLIST_KEY_UILaunchStoryboardName = LaunchScreen;
				INFOPLIST_KEY_UIMainStoryboardFile = Main;
				INFOPLIST_KEY_UISupportedInterfaceOrientations_iPad = "UIInterfaceOrientationPortrait UIInterfaceOrientationPortraitUpsideDown UIInterfaceOrientationLandscapeLeft UIInterfaceOrientationLandscapeRight";
				INFOPLIST_KEY_UISupportedInterfaceOrientations_iPhone = "UIInterfaceOrientationPortrait UIInterfaceOrientationLandscapeLeft UIInterfaceOrientationLandscapeRight";
				LD_RUNPATH_SEARCH_PATHS = (
					"$(inherited)",
					"@executable_path/Frameworks",
				);
				MARKETING_VERSION = 1.0;
				PRODUCT_BUNDLE_IDENTIFIER = com.andreanunez.Transferencias;
				PRODUCT_NAME = "$(TARGET_NAME)";
				SWIFT_EMIT_LOC_STRINGS = YES;
				SWIFT_VERSION = 5.0;
				TARGETED_DEVICE_FAMILY = "1,2";
			};
			name = Release;
		};
		656E515B28E028B800659981 /* Debug */ = {
			isa = XCBuildConfiguration;
			buildSettings = {
				ALWAYS_EMBED_SWIFT_STANDARD_LIBRARIES = YES;
				BUNDLE_LOADER = "$(TEST_HOST)";
				CODE_SIGN_STYLE = Automatic;
				CURRENT_PROJECT_VERSION = 1;
				GENERATE_INFOPLIST_FILE = YES;
				IPHONEOS_DEPLOYMENT_TARGET = 16.0;
				MARKETING_VERSION = 1.0;
				PRODUCT_BUNDLE_IDENTIFIER = com.andreanunez.TransferenciasTests;
				PRODUCT_NAME = "$(TARGET_NAME)";
				SWIFT_EMIT_LOC_STRINGS = NO;
				SWIFT_VERSION = 5.0;
				TARGETED_DEVICE_FAMILY = "1,2";
				TEST_HOST = "$(BUILT_PRODUCTS_DIR)/Transferencias.app/$(BUNDLE_EXECUTABLE_FOLDER_PATH)/Transferencias";
			};
			name = Debug;
		};
		656E515C28E028B800659981 /* Release */ = {
			isa = XCBuildConfiguration;
			buildSettings = {
				ALWAYS_EMBED_SWIFT_STANDARD_LIBRARIES = YES;
				BUNDLE_LOADER = "$(TEST_HOST)";
				CODE_SIGN_STYLE = Automatic;
				CURRENT_PROJECT_VERSION = 1;
				GENERATE_INFOPLIST_FILE = YES;
				IPHONEOS_DEPLOYMENT_TARGET = 16.0;
				MARKETING_VERSION = 1.0;
				PRODUCT_BUNDLE_IDENTIFIER = com.andreanunez.TransferenciasTests;
				PRODUCT_NAME = "$(TARGET_NAME)";
				SWIFT_EMIT_LOC_STRINGS = NO;
				SWIFT_VERSION = 5.0;
				TARGETED_DEVICE_FAMILY = "1,2";
				TEST_HOST = "$(BUILT_PRODUCTS_DIR)/Transferencias.app/$(BUNDLE_EXECUTABLE_FOLDER_PATH)/Transferencias";
			};
			name = Release;
		};
		656E515E28E028B800659981 /* Debug */ = {
			isa = XCBuildConfiguration;
			buildSettings = {
				ALWAYS_EMBED_SWIFT_STANDARD_LIBRARIES = YES;
				CODE_SIGN_STYLE = Automatic;
				CURRENT_PROJECT_VERSION = 1;
				GENERATE_INFOPLIST_FILE = YES;
				MARKETING_VERSION = 1.0;
				PRODUCT_BUNDLE_IDENTIFIER = com.andreanunez.TransferenciasUITests;
				PRODUCT_NAME = "$(TARGET_NAME)";
				SWIFT_EMIT_LOC_STRINGS = NO;
				SWIFT_VERSION = 5.0;
				TARGETED_DEVICE_FAMILY = "1,2";
				TEST_TARGET_NAME = Transferencias;
			};
			name = Debug;
		};
		656E515F28E028B800659981 /* Release */ = {
			isa = XCBuildConfiguration;
			buildSettings = {
				ALWAYS_EMBED_SWIFT_STANDARD_LIBRARIES = YES;
				CODE_SIGN_STYLE = Automatic;
				CURRENT_PROJECT_VERSION = 1;
				GENERATE_INFOPLIST_FILE = YES;
				MARKETING_VERSION = 1.0;
				PRODUCT_BUNDLE_IDENTIFIER = com.andreanunez.TransferenciasUITests;
				PRODUCT_NAME = "$(TARGET_NAME)";
				SWIFT_EMIT_LOC_STRINGS = NO;
				SWIFT_VERSION = 5.0;
				TARGETED_DEVICE_FAMILY = "1,2";
				TEST_TARGET_NAME = Transferencias;
			};
			name = Release;
		};
/* End XCBuildConfiguration section */

/* Begin XCConfigurationList section */
		656E512828E028B400659981 /* Build configuration list for PBXProject "Transferencias" */ = {
			isa = XCConfigurationList;
			buildConfigurations = (
				656E515528E028B800659981 /* Debug */,
				656E515628E028B800659981 /* Release */,
			);
			defaultConfigurationIsVisible = 0;
			defaultConfigurationName = Release;
		};
		656E515728E028B800659981 /* Build configuration list for PBXNativeTarget "Transferencias" */ = {
			isa = XCConfigurationList;
			buildConfigurations = (
				656E515828E028B800659981 /* Debug */,
				656E515928E028B800659981 /* Release */,
			);
			defaultConfigurationIsVisible = 0;
			defaultConfigurationName = Release;
		};
		656E515A28E028B800659981 /* Build configuration list for PBXNativeTarget "TransferenciasTests" */ = {
			isa = XCConfigurationList;
			buildConfigurations = (
				656E515B28E028B800659981 /* Debug */,
				656E515C28E028B800659981 /* Release */,
			);
			defaultConfigurationIsVisible = 0;
			defaultConfigurationName = Release;
		};
		656E515D28E028B800659981 /* Build configuration list for PBXNativeTarget "TransferenciasUITests" */ = {
			isa = XCConfigurationList;
			buildConfigurations = (
				656E515E28E028B800659981 /* Debug */,
				656E515F28E028B800659981 /* Release */,
			);
			defaultConfigurationIsVisible = 0;
			defaultConfigurationName = Release;
		};
/* End XCConfigurationList section */
	};
	rootObject = 656E512528E028B400659981 /* Project object */;
}
