// !$*UTF8*$!
{
	archiveVersion = 1;
	classes = {
	};
	objectVersion = 56;
	objects = {

/* Begin PBXBuildFile section */
		656E50F528DFE97D00659981 /* AppDelegate.swift in Sources */ = {isa = PBXBuildFile; fileRef = 656E50F428DFE97D00659981 /* AppDelegate.swift */; };
		656E50F728DFE97D00659981 /* SceneDelegate.swift in Sources */ = {isa = PBXBuildFile; fileRef = 656E50F628DFE97D00659981 /* SceneDelegate.swift */; };
		656E50F928DFE97D00659981 /* ViewController.swift in Sources */ = {isa = PBXBuildFile; fileRef = 656E50F828DFE97D00659981 /* ViewController.swift */; };
		656E50FC28DFE97D00659981 /* Main.storyboard in Resources */ = {isa = PBXBuildFile; fileRef = 656E50FA28DFE97D00659981 /* Main.storyboard */; };
		656E50FE28DFE98300659981 /* Assets.xcassets in Resources */ = {isa = PBXBuildFile; fileRef = 656E50FD28DFE98300659981 /* Assets.xcassets */; };
		656E510128DFE98300659981 /* LaunchScreen.storyboard in Resources */ = {isa = PBXBuildFile; fileRef = 656E50FF28DFE98300659981 /* LaunchScreen.storyboard */; };
		656E510C28DFE98300659981 /* BanorteTests.swift in Sources */ = {isa = PBXBuildFile; fileRef = 656E510B28DFE98300659981 /* BanorteTests.swift */; };
		656E511628DFE98300659981 /* BanorteUITests.swift in Sources */ = {isa = PBXBuildFile; fileRef = 656E511528DFE98300659981 /* BanorteUITests.swift */; };
		656E511828DFE98300659981 /* BanorteUITestsLaunchTests.swift in Sources */ = {isa = PBXBuildFile; fileRef = 656E511728DFE98300659981 /* BanorteUITestsLaunchTests.swift */; };
/* End PBXBuildFile section */

/* Begin PBXContainerItemProxy section */
		656E510828DFE98300659981 /* PBXContainerItemProxy */ = {
			isa = PBXContainerItemProxy;
			containerPortal = 656E50E928DFE97D00659981 /* Project object */;
			proxyType = 1;
			remoteGlobalIDString = 656E50F028DFE97D00659981;
			remoteInfo = Banorte;
		};
		656E511228DFE98300659981 /* PBXContainerItemProxy */ = {
			isa = PBXContainerItemProxy;
			containerPortal = 656E50E928DFE97D00659981 /* Project object */;
			proxyType = 1;
			remoteGlobalIDString = 656E50F028DFE97D00659981;
			remoteInfo = Banorte;
		};
/* End PBXContainerItemProxy section */

/* Begin PBXFileReference section */
		656E50F128DFE97D00659981 /* Banorte.app */ = {isa = PBXFileReference; explicitFileType = wrapper.application; includeInIndex = 0; path = Banorte.app; sourceTree = BUILT_PRODUCTS_DIR; };
		656E50F428DFE97D00659981 /* AppDelegate.swift */ = {isa = PBXFileReference; lastKnownFileType = sourcecode.swift; path = AppDelegate.swift; sourceTree = "<group>"; };
		656E50F628DFE97D00659981 /* SceneDelegate.swift */ = {isa = PBXFileReference; lastKnownFileType = sourcecode.swift; path = SceneDelegate.swift; sourceTree = "<group>"; };
		656E50F828DFE97D00659981 /* ViewController.swift */ = {isa = PBXFileReference; lastKnownFileType = sourcecode.swift; path = ViewController.swift; sourceTree = "<group>"; };
		656E50FB28DFE97D00659981 /* Base */ = {isa = PBXFileReference; lastKnownFileType = file.storyboard; name = Base; path = Base.lproj/Main.storyboard; sourceTree = "<group>"; };
		656E50FD28DFE98300659981 /* Assets.xcassets */ = {isa = PBXFileReference; lastKnownFileType = folder.assetcatalog; path = Assets.xcassets; sourceTree = "<group>"; };
		656E510028DFE98300659981 /* Base */ = {isa = PBXFileReference; lastKnownFileType = file.storyboard; name = Base; path = Base.lproj/LaunchScreen.storyboard; sourceTree = "<group>"; };
		656E510228DFE98300659981 /* Info.plist */ = {isa = PBXFileReference; lastKnownFileType = text.plist.xml; path = Info.plist; sourceTree = "<group>"; };
		656E510728DFE98300659981 /* BanorteTests.xctest */ = {isa = PBXFileReference; explicitFileType = wrapper.cfbundle; includeInIndex = 0; path = BanorteTests.xctest; sourceTree = BUILT_PRODUCTS_DIR; };
		656E510B28DFE98300659981 /* BanorteTests.swift */ = {isa = PBXFileReference; lastKnownFileType = sourcecode.swift; path = BanorteTests.swift; sourceTree = "<group>"; };
		656E511128DFE98300659981 /* BanorteUITests.xctest */ = {isa = PBXFileReference; explicitFileType = wrapper.cfbundle; includeInIndex = 0; path = BanorteUITests.xctest; sourceTree = BUILT_PRODUCTS_DIR; };
		656E511528DFE98300659981 /* BanorteUITests.swift */ = {isa = PBXFileReference; lastKnownFileType = sourcecode.swift; path = BanorteUITests.swift; sourceTree = "<group>"; };
		656E511728DFE98300659981 /* BanorteUITestsLaunchTests.swift */ = {isa = PBXFileReference; lastKnownFileType = sourcecode.swift; path = BanorteUITestsLaunchTests.swift; sourceTree = "<group>"; };
/* End PBXFileReference section */

/* Begin PBXFrameworksBuildPhase section */
		656E50EE28DFE97D00659981 /* Frameworks */ = {
			isa = PBXFrameworksBuildPhase;
			buildActionMask = 2147483647;
			files = (
			);
			runOnlyForDeploymentPostprocessing = 0;
		};
		656E510428DFE98300659981 /* Frameworks */ = {
			isa = PBXFrameworksBuildPhase;
			buildActionMask = 2147483647;
			files = (
			);
			runOnlyForDeploymentPostprocessing = 0;
		};
		656E510E28DFE98300659981 /* Frameworks */ = {
			isa = PBXFrameworksBuildPhase;
			buildActionMask = 2147483647;
			files = (
			);
			runOnlyForDeploymentPostprocessing = 0;
		};
/* End PBXFrameworksBuildPhase section */

/* Begin PBXGroup section */
		656E50E828DFE97D00659981 = {
			isa = PBXGroup;
			children = (
				656E50F328DFE97D00659981 /* Banorte */,
				656E510A28DFE98300659981 /* BanorteTests */,
				656E511428DFE98300659981 /* BanorteUITests */,
				656E50F228DFE97D00659981 /* Products */,
			);
			sourceTree = "<group>";
		};
		656E50F228DFE97D00659981 /* Products */ = {
			isa = PBXGroup;
			children = (
				656E50F128DFE97D00659981 /* Banorte.app */,
				656E510728DFE98300659981 /* BanorteTests.xctest */,
				656E511128DFE98300659981 /* BanorteUITests.xctest */,
			);
			name = Products;
			sourceTree = "<group>";
		};
		656E50F328DFE97D00659981 /* Banorte */ = {
			isa = PBXGroup;
			children = (
				656E50F428DFE97D00659981 /* AppDelegate.swift */,
				656E50F628DFE97D00659981 /* SceneDelegate.swift */,
				656E50F828DFE97D00659981 /* ViewController.swift */,
				656E50FA28DFE97D00659981 /* Main.storyboard */,
				656E50FD28DFE98300659981 /* Assets.xcassets */,
				656E50FF28DFE98300659981 /* LaunchScreen.storyboard */,
				656E510228DFE98300659981 /* Info.plist */,
			);
			path = Banorte;
			sourceTree = "<group>";
		};
		656E510A28DFE98300659981 /* BanorteTests */ = {
			isa = PBXGroup;
			children = (
				656E510B28DFE98300659981 /* BanorteTests.swift */,
			);
			path = BanorteTests;
			sourceTree = "<group>";
		};
		656E511428DFE98300659981 /* BanorteUITests */ = {
			isa = PBXGroup;
			children = (
				656E511528DFE98300659981 /* BanorteUITests.swift */,
				656E511728DFE98300659981 /* BanorteUITestsLaunchTests.swift */,
			);
			path = BanorteUITests;
			sourceTree = "<group>";
		};
/* End PBXGroup section */

/* Begin PBXNativeTarget section */
		656E50F028DFE97D00659981 /* Banorte */ = {
			isa = PBXNativeTarget;
			buildConfigurationList = 656E511B28DFE98300659981 /* Build configuration list for PBXNativeTarget "Banorte" */;
			buildPhases = (
				656E50ED28DFE97D00659981 /* Sources */,
				656E50EE28DFE97D00659981 /* Frameworks */,
				656E50EF28DFE97D00659981 /* Resources */,
			);
			buildRules = (
			);
			dependencies = (
			);
			name = Banorte;
			productName = Banorte;
			productReference = 656E50F128DFE97D00659981 /* Banorte.app */;
			productType = "com.apple.product-type.application";
		};
		656E510628DFE98300659981 /* BanorteTests */ = {
			isa = PBXNativeTarget;
			buildConfigurationList = 656E511E28DFE98300659981 /* Build configuration list for PBXNativeTarget "BanorteTests" */;
			buildPhases = (
				656E510328DFE98300659981 /* Sources */,
				656E510428DFE98300659981 /* Frameworks */,
				656E510528DFE98300659981 /* Resources */,
			);
			buildRules = (
			);
			dependencies = (
				656E510928DFE98300659981 /* PBXTargetDependency */,
			);
			name = BanorteTests;
			productName = BanorteTests;
			productReference = 656E510728DFE98300659981 /* BanorteTests.xctest */;
			productType = "com.apple.product-type.bundle.unit-test";
		};
		656E511028DFE98300659981 /* BanorteUITests */ = {
			isa = PBXNativeTarget;
			buildConfigurationList = 656E512128DFE98300659981 /* Build configuration list for PBXNativeTarget "BanorteUITests" */;
			buildPhases = (
				656E510D28DFE98300659981 /* Sources */,
				656E510E28DFE98300659981 /* Frameworks */,
				656E510F28DFE98300659981 /* Resources */,
			);
			buildRules = (
			);
			dependencies = (
				656E511328DFE98300659981 /* PBXTargetDependency */,
			);
			name = BanorteUITests;
			productName = BanorteUITests;
			productReference = 656E511128DFE98300659981 /* BanorteUITests.xctest */;
			productType = "com.apple.product-type.bundle.ui-testing";
		};
/* End PBXNativeTarget section */

/* Begin PBXProject section */
		656E50E928DFE97D00659981 /* Project object */ = {
			isa = PBXProject;
			attributes = {
				BuildIndependentTargetsInParallel = 1;
				LastSwiftUpdateCheck = 1400;
				LastUpgradeCheck = 1400;
				TargetAttributes = {
					656E50F028DFE97D00659981 = {
						CreatedOnToolsVersion = 14.0;
					};
					656E510628DFE98300659981 = {
						CreatedOnToolsVersion = 14.0;
						TestTargetID = 656E50F028DFE97D00659981;
					};
					656E511028DFE98300659981 = {
						CreatedOnToolsVersion = 14.0;
						TestTargetID = 656E50F028DFE97D00659981;
					};
				};
			};
			buildConfigurationList = 656E50EC28DFE97D00659981 /* Build configuration list for PBXProject "Banorte" */;
			compatibilityVersion = "Xcode 14.0";
			developmentRegion = en;
			hasScannedForEncodings = 0;
			knownRegions = (
				en,
				Base,
			);
			mainGroup = 656E50E828DFE97D00659981;
			productRefGroup = 656E50F228DFE97D00659981 /* Products */;
			projectDirPath = "";
			projectRoot = "";
			targets = (
				656E50F028DFE97D00659981 /* Banorte */,
				656E510628DFE98300659981 /* BanorteTests */,
				656E511028DFE98300659981 /* BanorteUITests */,
			);
		};
/* End PBXProject section */

/* Begin PBXResourcesBuildPhase section */
		656E50EF28DFE97D00659981 /* Resources */ = {
			isa = PBXResourcesBuildPhase;
			buildActionMask = 2147483647;
			files = (
				656E510128DFE98300659981 /* LaunchScreen.storyboard in Resources */,
				656E50FE28DFE98300659981 /* Assets.xcassets in Resources */,
				656E50FC28DFE97D00659981 /* Main.storyboard in Resources */,
			);
			runOnlyForDeploymentPostprocessing = 0;
		};
		656E510528DFE98300659981 /* Resources */ = {
			isa = PBXResourcesBuildPhase;
			buildActionMask = 2147483647;
			files = (
			);
			runOnlyForDeploymentPostprocessing = 0;
		};
		656E510F28DFE98300659981 /* Resources */ = {
			isa = PBXResourcesBuildPhase;
			buildActionMask = 2147483647;
			files = (
			);
			runOnlyForDeploymentPostprocessing = 0;
		};
/* End PBXResourcesBuildPhase section */

/* Begin PBXSourcesBuildPhase section */
		656E50ED28DFE97D00659981 /* Sources */ = {
			isa = PBXSourcesBuildPhase;
			buildActionMask = 2147483647;
			files = (
				656E50F928DFE97D00659981 /* ViewController.swift in Sources */,
				656E50F528DFE97D00659981 /* AppDelegate.swift in Sources */,
				656E50F728DFE97D00659981 /* SceneDelegate.swift in Sources */,
			);
			runOnlyForDeploymentPostprocessing = 0;
		};
		656E510328DFE98300659981 /* Sources */ = {
			isa = PBXSourcesBuildPhase;
			buildActionMask = 2147483647;
			files = (
				656E510C28DFE98300659981 /* BanorteTests.swift in Sources */,
			);
			runOnlyForDeploymentPostprocessing = 0;
		};
		656E510D28DFE98300659981 /* Sources */ = {
			isa = PBXSourcesBuildPhase;
			buildActionMask = 2147483647;
			files = (
				656E511828DFE98300659981 /* BanorteUITestsLaunchTests.swift in Sources */,
				656E511628DFE98300659981 /* BanorteUITests.swift in Sources */,
			);
			runOnlyForDeploymentPostprocessing = 0;
		};
/* End PBXSourcesBuildPhase section */

/* Begin PBXTargetDependency section */
		656E510928DFE98300659981 /* PBXTargetDependency */ = {
			isa = PBXTargetDependency;
			target = 656E50F028DFE97D00659981 /* Banorte */;
			targetProxy = 656E510828DFE98300659981 /* PBXContainerItemProxy */;
		};
		656E511328DFE98300659981 /* PBXTargetDependency */ = {
			isa = PBXTargetDependency;
			target = 656E50F028DFE97D00659981 /* Banorte */;
			targetProxy = 656E511228DFE98300659981 /* PBXContainerItemProxy */;
		};
/* End PBXTargetDependency section */

/* Begin PBXVariantGroup section */
		656E50FA28DFE97D00659981 /* Main.storyboard */ = {
			isa = PBXVariantGroup;
			children = (
				656E50FB28DFE97D00659981 /* Base */,
			);
			name = Main.storyboard;
			sourceTree = "<group>";
		};
		656E50FF28DFE98300659981 /* LaunchScreen.storyboard */ = {
			isa = PBXVariantGroup;
			children = (
				656E510028DFE98300659981 /* Base */,
			);
			name = LaunchScreen.storyboard;
			sourceTree = "<group>";
		};
/* End PBXVariantGroup section */

/* Begin XCBuildConfiguration section */
		656E511928DFE98300659981 /* Debug */ = {
			isa = XCBuildConfiguration;
			buildSettings = {
				ALWAYS_SEARCH_USER_PATHS = NO;
				CLANG_ANALYZER_NONNULL = YES;
				CLANG_ANALYZER_NUMBER_OBJECT_CONVERSION = YES_AGGRESSIVE;
				CLANG_CXX_LANGUAGE_STANDARD = "gnu++20";
				CLANG_ENABLE_MODULES = YES;
				CLANG_ENABLE_OBJC_ARC = YES;
				CLANG_ENABLE_OBJC_WEAK = YES;
				CLANG_WARN_BLOCK_CAPTURE_AUTORELEASING = YES;
				CLANG_WARN_BOOL_CONVERSION = YES;
				CLANG_WARN_COMMA = YES;
				CLANG_WARN_CONSTANT_CONVERSION = YES;
				CLANG_WARN_DEPRECATED_OBJC_IMPLEMENTATIONS = YES;
				CLANG_WARN_DIRECT_OBJC_ISA_USAGE = YES_ERROR;
				CLANG_WARN_DOCUMENTATION_COMMENTS = YES;
				CLANG_WARN_EMPTY_BODY = YES;
				CLANG_WARN_ENUM_CONVERSION = YES;
				CLANG_WARN_INFINITE_RECURSION = YES;
				CLANG_WARN_INT_CONVERSION = YES;
				CLANG_WARN_NON_LITERAL_NULL_CONVERSION = YES;
				CLANG_WARN_OBJC_IMPLICIT_RETAIN_SELF = YES;
				CLANG_WARN_OBJC_LITERAL_CONVERSION = YES;
				CLANG_WARN_OBJC_ROOT_CLASS = YES_ERROR;
				CLANG_WARN_QUOTED_INCLUDE_IN_FRAMEWORK_HEADER = YES;
				CLANG_WARN_RANGE_LOOP_ANALYSIS = YES;
				CLANG_WARN_STRICT_PROTOTYPES = YES;
				CLANG_WARN_SUSPICIOUS_MOVE = YES;
				CLANG_WARN_UNGUARDED_AVAILABILITY = YES_AGGRESSIVE;
				CLANG_WARN_UNREACHABLE_CODE = YES;
				CLANG_WARN__DUPLICATE_METHOD_MATCH = YES;
				COPY_PHASE_STRIP = NO;
				DEBUG_INFORMATION_FORMAT = dwarf;
				ENABLE_STRICT_OBJC_MSGSEND = YES;
				ENABLE_TESTABILITY = YES;
				GCC_C_LANGUAGE_STANDARD = gnu11;
				GCC_DYNAMIC_NO_PIC = NO;
				GCC_NO_COMMON_BLOCKS = YES;
				GCC_OPTIMIZATION_LEVEL = 0;
				GCC_PREPROCESSOR_DEFINITIONS = (
					"DEBUG=1",
					"$(inherited)",
				);
				GCC_WARN_64_TO_32_BIT_CONVERSION = YES;
				GCC_WARN_ABOUT_RETURN_TYPE = YES_ERROR;
				GCC_WARN_UNDECLARED_SELECTOR = YES;
				GCC_WARN_UNINITIALIZED_AUTOS = YES_AGGRESSIVE;
				GCC_WARN_UNUSED_FUNCTION = YES;
				GCC_WARN_UNUSED_VARIABLE = YES;
				IPHONEOS_DEPLOYMENT_TARGET = 16.0;
				MTL_ENABLE_DEBUG_INFO = INCLUDE_SOURCE;
				MTL_FAST_MATH = YES;
				ONLY_ACTIVE_ARCH = YES;
				SDKROOT = iphoneos;
				SWIFT_ACTIVE_COMPILATION_CONDITIONS = DEBUG;
				SWIFT_OPTIMIZATION_LEVEL = "-Onone";
			};
			name = Debug;
		};
		656E511A28DFE98300659981 /* Release */ = {
			isa = XCBuildConfiguration;
			buildSettings = {
				ALWAYS_SEARCH_USER_PATHS = NO;
				CLANG_ANALYZER_NONNULL = YES;
				CLANG_ANALYZER_NUMBER_OBJECT_CONVERSION = YES_AGGRESSIVE;
				CLANG_CXX_LANGUAGE_STANDARD = "gnu++20";
				CLANG_ENABLE_MODULES = YES;
				CLANG_ENABLE_OBJC_ARC = YES;
				CLANG_ENABLE_OBJC_WEAK = YES;
				CLANG_WARN_BLOCK_CAPTURE_AUTORELEASING = YES;
				CLANG_WARN_BOOL_CONVERSION = YES;
				CLANG_WARN_COMMA = YES;
				CLANG_WARN_CONSTANT_CONVERSION = YES;
				CLANG_WARN_DEPRECATED_OBJC_IMPLEMENTATIONS = YES;
				CLANG_WARN_DIRECT_OBJC_ISA_USAGE = YES_ERROR;
				CLANG_WARN_DOCUMENTATION_COMMENTS = YES;
				CLANG_WARN_EMPTY_BODY = YES;
				CLANG_WARN_ENUM_CONVERSION = YES;
				CLANG_WARN_INFINITE_RECURSION = YES;
				CLANG_WARN_INT_CONVERSION = YES;
				CLANG_WARN_NON_LITERAL_NULL_CONVERSION = YES;
				CLANG_WARN_OBJC_IMPLICIT_RETAIN_SELF = YES;
				CLANG_WARN_OBJC_LITERAL_CONVERSION = YES;
				CLANG_WARN_OBJC_ROOT_CLASS = YES_ERROR;
				CLANG_WARN_QUOTED_INCLUDE_IN_FRAMEWORK_HEADER = YES;
				CLANG_WARN_RANGE_LOOP_ANALYSIS = YES;
				CLANG_WARN_STRICT_PROTOTYPES = YES;
				CLANG_WARN_SUSPICIOUS_MOVE = YES;
				CLANG_WARN_UNGUARDED_AVAILABILITY = YES_AGGRESSIVE;
				CLANG_WARN_UNREACHABLE_CODE = YES;
				CLANG_WARN__DUPLICATE_METHOD_MATCH = YES;
				COPY_PHASE_STRIP = NO;
				DEBUG_INFORMATION_FORMAT = "dwarf-with-dsym";
				ENABLE_NS_ASSERTIONS = NO;
				ENABLE_STRICT_OBJC_MSGSEND = YES;
				GCC_C_LANGUAGE_STANDARD = gnu11;
				GCC_NO_COMMON_BLOCKS = YES;
				GCC_WARN_64_TO_32_BIT_CONVERSION = YES;
				GCC_WARN_ABOUT_RETURN_TYPE = YES_ERROR;
				GCC_WARN_UNDECLARED_SELECTOR = YES;
				GCC_WARN_UNINITIALIZED_AUTOS = YES_AGGRESSIVE;
				GCC_WARN_UNUSED_FUNCTION = YES;
				GCC_WARN_UNUSED_VARIABLE = YES;
				IPHONEOS_DEPLOYMENT_TARGET = 16.0;
				MTL_ENABLE_DEBUG_INFO = NO;
				MTL_FAST_MATH = YES;
				SDKROOT = iphoneos;
				SWIFT_COMPILATION_MODE = wholemodule;
				SWIFT_OPTIMIZATION_LEVEL = "-O";
				VALIDATE_PRODUCT = YES;
			};
			name = Release;
		};
		656E511C28DFE98300659981 /* Debug */ = {
			isa = XCBuildConfiguration;
			buildSettings = {
				ASSETCATALOG_COMPILER_APPICON_NAME = AppIcon;
				ASSETCATALOG_COMPILER_GLOBAL_ACCENT_COLOR_NAME = AccentColor;
				CODE_SIGN_STYLE = Automatic;
				CURRENT_PROJECT_VERSION = 1;
				GENERATE_INFOPLIST_FILE = YES;
				INFOPLIST_FILE = Banorte/Info.plist;
				INFOPLIST_KEY_UIApplicationSupportsIndirectInputEvents = YES;
				INFOPLIST_KEY_UILaunchStoryboardName = LaunchScreen;
				INFOPLIST_KEY_UIMainStoryboardFile = Main;
				INFOPLIST_KEY_UISupportedInterfaceOrientations_iPad = "UIInterfaceOrientationPortrait UIInterfaceOrientationPortraitUpsideDown UIInterfaceOrientationLandscapeLeft UIInterfaceOrientationLandscapeRight";
				INFOPLIST_KEY_UISupportedInterfaceOrientations_iPhone = "UIInterfaceOrientationPortrait UIInterfaceOrientationLandscapeLeft UIInterfaceOrientationLandscapeRight";
				LD_RUNPATH_SEARCH_PATHS = (
					"$(inherited)",
					"@executable_path/Frameworks",
				);
				MARKETING_VERSION = 1.0;
				PRODUCT_BUNDLE_IDENTIFIER = com.andreanunez.Banorte;
				PRODUCT_NAME = "$(TARGET_NAME)";
				SWIFT_EMIT_LOC_STRINGS = YES;
				SWIFT_VERSION = 5.0;
				TARGETED_DEVICE_FAMILY = "1,2";
			};
			name = Debug;
		};
		656E511D28DFE98300659981 /* Release */ = {
			isa = XCBuildConfiguration;
			buildSettings = {
				ASSETCATALOG_COMPILER_APPICON_NAME = AppIcon;
				ASSETCATALOG_COMPILER_GLOBAL_ACCENT_COLOR_NAME = AccentColor;
				CODE_SIGN_STYLE = Automatic;
				CURRENT_PROJECT_VERSION = 1;
				GENERATE_INFOPLIST_FILE = YES;
				INFOPLIST_FILE = Banorte/Info.plist;
				INFOPLIST_KEY_UIApplicationSupportsIndirectInputEvents = YES;
				INFOPLIST_KEY_UILaunchStoryboardName = LaunchScreen;
				INFOPLIST_KEY_UIMainStoryboardFile = Main;
				INFOPLIST_KEY_UISupportedInterfaceOrientations_iPad = "UIInterfaceOrientationPortrait UIInterfaceOrientationPortraitUpsideDown UIInterfaceOrientationLandscapeLeft UIInterfaceOrientationLandscapeRight";
				INFOPLIST_KEY_UISupportedInterfaceOrientations_iPhone = "UIInterfaceOrientationPortrait UIInterfaceOrientationLandscapeLeft UIInterfaceOrientationLandscapeRight";
				LD_RUNPATH_SEARCH_PATHS = (
					"$(inherited)",
					"@executable_path/Frameworks",
				);
				MARKETING_VERSION = 1.0;
				PRODUCT_BUNDLE_IDENTIFIER = com.andreanunez.Banorte;
				PRODUCT_NAME = "$(TARGET_NAME)";
				SWIFT_EMIT_LOC_STRINGS = YES;
				SWIFT_VERSION = 5.0;
				TARGETED_DEVICE_FAMILY = "1,2";
			};
			name = Release;
		};
		656E511F28DFE98300659981 /* Debug */ = {
			isa = XCBuildConfiguration;
			buildSettings = {
				ALWAYS_EMBED_SWIFT_STANDARD_LIBRARIES = YES;
				BUNDLE_LOADER = "$(TEST_HOST)";
				CODE_SIGN_STYLE = Automatic;
				CURRENT_PROJECT_VERSION = 1;
				GENERATE_INFOPLIST_FILE = YES;
				IPHONEOS_DEPLOYMENT_TARGET = 16.0;
				MARKETING_VERSION = 1.0;
				PRODUCT_BUNDLE_IDENTIFIER = com.andreanunez.BanorteTests;
				PRODUCT_NAME = "$(TARGET_NAME)";
				SWIFT_EMIT_LOC_STRINGS = NO;
				SWIFT_VERSION = 5.0;
				TARGETED_DEVICE_FAMILY = "1,2";
				TEST_HOST = "$(BUILT_PRODUCTS_DIR)/Banorte.app/$(BUNDLE_EXECUTABLE_FOLDER_PATH)/Banorte";
			};
			name = Debug;
		};
		656E512028DFE98300659981 /* Release */ = {
			isa = XCBuildConfiguration;
			buildSettings = {
				ALWAYS_EMBED_SWIFT_STANDARD_LIBRARIES = YES;
				BUNDLE_LOADER = "$(TEST_HOST)";
				CODE_SIGN_STYLE = Automatic;
				CURRENT_PROJECT_VERSION = 1;
				GENERATE_INFOPLIST_FILE = YES;
				IPHONEOS_DEPLOYMENT_TARGET = 16.0;
				MARKETING_VERSION = 1.0;
				PRODUCT_BUNDLE_IDENTIFIER = com.andreanunez.BanorteTests;
				PRODUCT_NAME = "$(TARGET_NAME)";
				SWIFT_EMIT_LOC_STRINGS = NO;
				SWIFT_VERSION = 5.0;
				TARGETED_DEVICE_FAMILY = "1,2";
				TEST_HOST = "$(BUILT_PRODUCTS_DIR)/Banorte.app/$(BUNDLE_EXECUTABLE_FOLDER_PATH)/Banorte";
			};
			name = Release;
		};
		656E512228DFE98300659981 /* Debug */ = {
			isa = XCBuildConfiguration;
			buildSettings = {
				ALWAYS_EMBED_SWIFT_STANDARD_LIBRARIES = YES;
				CODE_SIGN_STYLE = Automatic;
				CURRENT_PROJECT_VERSION = 1;
				GENERATE_INFOPLIST_FILE = YES;
				MARKETING_VERSION = 1.0;
				PRODUCT_BUNDLE_IDENTIFIER = com.andreanunez.BanorteUITests;
				PRODUCT_NAME = "$(TARGET_NAME)";
				SWIFT_EMIT_LOC_STRINGS = NO;
				SWIFT_VERSION = 5.0;
				TARGETED_DEVICE_FAMILY = "1,2";
				TEST_TARGET_NAME = Banorte;
			};
			name = Debug;
		};
		656E512328DFE98300659981 /* Release */ = {
			isa = XCBuildConfiguration;
			buildSettings = {
				ALWAYS_EMBED_SWIFT_STANDARD_LIBRARIES = YES;
				CODE_SIGN_STYLE = Automatic;
				CURRENT_PROJECT_VERSION = 1;
				GENERATE_INFOPLIST_FILE = YES;
				MARKETING_VERSION = 1.0;
				PRODUCT_BUNDLE_IDENTIFIER = com.andreanunez.BanorteUITests;
				PRODUCT_NAME = "$(TARGET_NAME)";
				SWIFT_EMIT_LOC_STRINGS = NO;
				SWIFT_VERSION = 5.0;
				TARGETED_DEVICE_FAMILY = "1,2";
				TEST_TARGET_NAME = Banorte;
			};
			name = Release;
		};
/* End XCBuildConfiguration section */

/* Begin XCConfigurationList section */
		656E50EC28DFE97D00659981 /* Build configuration list for PBXProject "Banorte" */ = {
			isa = XCConfigurationList;
			buildConfigurations = (
				656E511928DFE98300659981 /* Debug */,
				656E511A28DFE98300659981 /* Release */,
			);
			defaultConfigurationIsVisible = 0;
			defaultConfigurationName = Release;
		};
		656E511B28DFE98300659981 /* Build configuration list for PBXNativeTarget "Banorte" */ = {
			isa = XCConfigurationList;
			buildConfigurations = (
				656E511C28DFE98300659981 /* Debug */,
				656E511D28DFE98300659981 /* Release */,
			);
			defaultConfigurationIsVisible = 0;
			defaultConfigurationName = Release;
		};
		656E511E28DFE98300659981 /* Build configuration list for PBXNativeTarget "BanorteTests" */ = {
			isa = XCConfigurationList;
			buildConfigurations = (
				656E511F28DFE98300659981 /* Debug */,
				656E512028DFE98300659981 /* Release */,
			);
			defaultConfigurationIsVisible = 0;
			defaultConfigurationName = Release;
		};
		656E512128DFE98300659981 /* Build configuration list for PBXNativeTarget "BanorteUITests" */ = {
			isa = XCConfigurationList;
			buildConfigurations = (
				656E512228DFE98300659981 /* Debug */,
				656E512328DFE98300659981 /* Release */,
			);
			defaultConfigurationIsVisible = 0;
			defaultConfigurationName = Release;
		};
/* End XCConfigurationList section */
	};
	rootObject = 656E50E928DFE97D00659981 /* Project object */;
}
